
Microsoft Visual Studio Solution File, Format Version 12.00
# Visual Studio Version 17
Project("{FAE04EC0-301F-11D3-BF4B-00C04F79EFBC}") = "Velvet.SourceGenerators", "src\Velvet.SourceGenerators\Velvet.SourceGenerators.csproj", "{4C2B0E5A-1A1A-4D3D-9E0F-AAA000000001}"
EndProject
Project("{FAE04EC0-301F-11D3-BF4B-00C04F79EFBC}") = "Velvet.SourceGenerators.Tests", "tests\Velvet.SourceGenerators.Tests\Velvet.SourceGenerators.Tests.csproj", "{4C2B0E5A-1A1A-4D3D-9E0F-AAA000000002}"
EndProject
Project("{FAE04EC0-301F-11D3-BF4B-00C04F79EFBC}") = "Velvet.SourceGenerators.CodeFixes", "src\Velvet.SourceGenerators.CodeFixes\Velvet.SourceGenerators.CodeFixes.csproj", "{4C2B0E5A-1A1A-4D3D-9E0F-AAA000000003}"
EndProject
Project("{FAE04EC0-301F-11D3-BF4B-00C04F79EFBC}") = "Velvet.StyleTable", "src\Velvet.StyleTable\Velvet.StyleTable.csproj", "{4C2B0E5A-1A1A-4D3D-9E0F-AAA000000004}"
EndProject
Project("{2150E333-8FDC-42A3-9474-1A3956D46DE8}") = "src", "src", "{827E0CD3-B72D-47B6-A68D-7590B98EB39B}"
EndProject
Project("{FAE04EC0-301F-11D3-BF4B-00C04F79EFBC}") = "Velvet.SourceGenerators.Bootstrap", "src\Velvet.SourceGenerators.Bootstrap\Velvet.SourceGenerators.Bootstrap.csproj", "{F4E01174-1DFB-4C41-A7E5-1216190F13FB}"
EndProject
Global
	GlobalSection(SolutionConfigurationPlatforms) = preSolution
		Debug|Any CPU = Debug|Any CPU
		Debug|x64 = Debug|x64
		Debug|x86 = Debug|x86
		Release|Any CPU = Release|Any CPU
		Release|x64 = Release|x64
		Release|x86 = Release|x86
	EndGlobalSection
	GlobalSection(ProjectConfigurationPlatforms) = postSolution
		{4C2B0E5A-1A1A-4D3D-9E0F-AAA000000001}.Debug|Any CPU.ActiveCfg = Debug|Any CPU
		{4C2B0E5A-1A1A-4D3D-9E0F-AAA000000001}.Debug|Any CPU.Build.0 = Debug|Any CPU
		{4C2B0E5A-1A1A-4D3D-9E0F-AAA000000001}.Debug|x64.ActiveCfg = Debug|Any CPU
		{4C2B0E5A-1A1A-4D3D-9E0F-AAA000000001}.Debug|x64.Build.0 = Debug|Any CPU
		{4C2B0E5A-1A1A-4D3D-9E0F-AAA000000001}.Debug|x86.ActiveCfg = Debug|Any CPU
		{4C2B0E5A-1A1A-4D3D-9E0F-AAA000000001}.Debug|x86.Build.0 = Debug|Any CPU
		{4C2B0E5A-1A1A-4D3D-9E0F-AAA000000001}.Release|Any CPU.ActiveCfg = Release|Any CPU
		{4C2B0E5A-1A1A-4D3D-9E0F-AAA000000001}.Release|Any CPU.Build.0 = Release|Any CPU
		{4C2B0E5A-1A1A-4D3D-9E0F-AAA000000001}.Release|x64.ActiveCfg = Release|Any CPU
		{4C2B0E5A-1A1A-4D3D-9E0F-AAA000000001}.Release|x64.Build.0 = Release|Any CPU
		{4C2B0E5A-1A1A-4D3D-9E0F-AAA000000001}.Release|x86.ActiveCfg = Release|Any CPU
		{4C2B0E5A-1A1A-4D3D-9E0F-AAA000000001}.Release|x86.Build.0 = Release|Any CPU
		{4C2B0E5A-1A1A-4D3D-9E0F-AAA000000002}.Debug|Any CPU.ActiveCfg = Debug|Any CPU
		{4C2B0E5A-1A1A-4D3D-9E0F-AAA000000002}.Debug|Any CPU.Build.0 = Debug|Any CPU
		{4C2B0E5A-1A1A-4D3D-9E0F-AAA000000002}.Debug|x64.ActiveCfg = Debug|Any CPU
		{4C2B0E5A-1A1A-4D3D-9E0F-AAA000000002}.Debug|x64.Build.0 = Debug|Any CPU
		{4C2B0E5A-1A1A-4D3D-9E0F-AAA000000002}.Debug|x86.ActiveCfg = Debug|Any CPU
		{4C2B0E5A-1A1A-4D3D-9E0F-AAA000000002}.Debug|x86.Build.0 = Debug|Any CPU
		{4C2B0E5A-1A1A-4D3D-9E0F-AAA000000002}.Release|Any CPU.ActiveCfg = Release|Any CPU
		{4C2B0E5A-1A1A-4D3D-9E0F-AAA000000002}.Release|Any CPU.Build.0 = Release|Any CPU
		{4C2B0E5A-1A1A-4D3D-9E0F-AAA000000002}.Release|x64.ActiveCfg = Release|Any CPU
		{4C2B0E5A-1A1A-4D3D-9E0F-AAA000000002}.Release|x64.Build.0 = Release|Any CPU
		{4C2B0E5A-1A1A-4D3D-9E0F-AAA000000002}.Release|x86.ActiveCfg = Release|Any CPU
		{4C2B0E5A-1A1A-4D3D-9E0F-AAA000000002}.Release|x86.Build.0 = Release|Any CPU
		{4C2B0E5A-1A1A-4D3D-9E0F-AAA000000003}.Debug|Any CPU.ActiveCfg = Debug|Any CPU
		{4C2B0E5A-1A1A-4D3D-9E0F-AAA000000003}.Debug|Any CPU.Build.0 = Debug|Any CPU
		{4C2B0E5A-1A1A-4D3D-9E0F-AAA000000003}.Debug|x64.ActiveCfg = Debug|Any CPU
		{4C2B0E5A-1A1A-4D3D-9E0F-AAA000000003}.Debug|x64.Build.0 = Debug|Any CPU
		{4C2B0E5A-1A1A-4D3D-9E0F-AAA000000003}.Debug|x86.ActiveCfg = Debug|Any CPU
		{4C2B0E5A-1A1A-4D3D-9E0F-AAA000000003}.Debug|x86.Build.0 = Debug|Any CPU
		{4C2B0E5A-1A1A-4D3D-9E0F-AAA000000003}.Release|Any CPU.ActiveCfg = Release|Any CPU
		{4C2B0E5A-1A1A-4D3D-9E0F-AAA000000003}.Release|Any CPU.Build.0 = Release|Any CPU
		{4C2B0E5A-1A1A-4D3D-9E0F-AAA000000003}.Release|x64.ActiveCfg = Release|Any CPU
		{4C2B0E5A-1A1A-4D3D-9E0F-AAA000000003}.Release|x64.Build.0 = Release|Any CPU
		{4C2B0E5A-1A1A-4D3D-9E0F-AAA000000003}.Release|x86.ActiveCfg = Release|Any CPU
		{4C2B0E5A-1A1A-4D3D-9E0F-AAA000000003}.Release|x86.Build.0 = Release|Any CPU
		{4C2B0E5A-1A1A-4D3D-9E0F-AAA000000004}.Debug|Any CPU.ActiveCfg = Debug|Any CPU
		{4C2B0E5A-1A1A-4D3D-9E0F-AAA000000004}.Debug|Any CPU.Build.0 = Debug|Any CPU
		{4C2B0E5A-1A1A-4D3D-9E0F-AAA000000004}.Debug|x64.ActiveCfg = Debug|Any CPU
		{4C2B0E5A-1A1A-4D3D-9E0F-AAA000000004}.Debug|x64.Build.0 = Debug|Any CPU
		{4C2B0E5A-1A1A-4D3D-9E0F-AAA000000004}.Debug|x86.ActiveCfg = Debug|Any CPU
		{4C2B0E5A-1A1A-4D3D-9E0F-AAA000000004}.Debug|x86.Build.0 = Debug|Any CPU
		{4C2B0E5A-1A1A-4D3D-9E0F-AAA000000004}.Release|Any CPU.ActiveCfg = Release|Any CPU
		{4C2B0E5A-1A1A-4D3D-9E0F-AAA000000004}.Release|Any CPU.Build.0 = Release|Any CPU
		{4C2B0E5A-1A1A-4D3D-9E0F-AAA000000004}.Release|x64.ActiveCfg = Release|Any CPU
		{4C2B0E5A-1A1A-4D3D-9E0F-AAA000000004}.Release|x64.Build.0 = Release|Any CPU
		{4C2B0E5A-1A1A-4D3D-9E0F-AAA000000004}.Release|x86.ActiveCfg = Release|Any CPU
		{4C2B0E5A-1A1A-4D3D-9E0F-AAA000000004}.Release|x86.Build.0 = Release|Any CPU
		{F4E01174-1DFB-4C41-A7E5-1216190F13FB}.Debug|Any CPU.ActiveCfg = Debug|Any CPU
		{F4E01174-1DFB-4C41-A7E5-1216190F13FB}.Debug|Any CPU.Build.0 = Debug|Any CPU
		{F4E01174-1DFB-4C41-A7E5-1216190F13FB}.Debug|x64.ActiveCfg = Debug|Any CPU
		{F4E01174-1DFB-4C41-A7E5-1216190F13FB}.Debug|x64.Build.0 = Debug|Any CPU
		{F4E01174-1DFB-4C41-A7E5-1216190F13FB}.Debug|x86.ActiveCfg = Debug|Any CPU
		{F4E01174-1DFB-4C41-A7E5-1216190F13FB}.Debug|x86.Build.0 = Debug|Any CPU
		{F4E01174-1DFB-4C41-A7E5-1216190F13FB}.Release|Any CPU.ActiveCfg = Release|Any CPU
		{F4E01174-1DFB-4C41-A7E5-1216190F13FB}.Release|Any CPU.Build.0 = Release|Any CPU
		{F4E01174-1DFB-4C41-A7E5-1216190F13FB}.Release|x64.ActiveCfg = Release|Any CPU
		{F4E01174-1DFB-4C41-A7E5-1216190F13FB}.Release|x64.Build.0 = Release|Any CPU
		{F4E01174-1DFB-4C41-A7E5-1216190F13FB}.Release|x86.ActiveCfg = Release|Any CPU
		{F4E01174-1DFB-4C41-A7E5-1216190F13FB}.Release|x86.Build.0 = Release|Any CPU
	EndGlobalSection
	GlobalSection(SolutionProperties) = preSolution
		HideSolutionNode = FALSE
	EndGlobalSection
	GlobalSection(NestedProjects) = preSolution
		{F4E01174-1DFB-4C41-A7E5-1216190F13FB} = {827E0CD3-B72D-47B6-A68D-7590B98EB39B}
	EndGlobalSection
EndGlobal
