Microsoft Visual Studio Solution File, Format Version 12.00
# Visual Studio Version 17
Project("{FAE04EC0-301F-11D3-BF4B-00C04F79EFBC}") = "Velvet.SourceGenerators", "src\Velvet.SourceGenerators\Velvet.SourceGenerators.csproj", "{4C2B0E5A-1A1A-4D3D-9E0F-AAA000000001}"
EndProject
Project("{FAE04EC0-301F-11D3-BF4B-00C04F79EFBC}") = "Velvet.SourceGenerators.Tests", "tests\Velvet.SourceGenerators.Tests\Velvet.SourceGenerators.Tests.csproj", "{4C2B0E5A-1A1A-4D3D-9E0F-AAA000000002}"
EndProject
Project("{FAE04EC0-301F-11D3-BF4B-00C04F79EFBC}") = "Velvet.SourceGenerators.CodeFixes", "src\Velvet.SourceGenerators.CodeFixes\Velvet.SourceGenerators.CodeFixes.csproj", "{4C2B0E5A-1A1A-4D3D-9E0F-AAA000000003}"
EndProject
Global
	GlobalSection(SolutionConfigurationPlatforms) = preSolution
		Debug|Any CPU = Debug|Any CPU
		Release|Any CPU = Release|Any CPU
	EndGlobalSection
	GlobalSection(ProjectConfigurationPlatforms) = postSolution
		{4C2B0E5A-1A1A-4D3D-9E0F-AAA000000001}.Debug|Any CPU.ActiveCfg = Debug|Any CPU
		{4C2B0E5A-1A1A-4D3D-9E0F-AAA000000001}.Debug|Any CPU.Build.0 = Debug|Any CPU
		{4C2B0E5A-1A1A-4D3D-9E0F-AAA000000001}.Release|Any CPU.ActiveCfg = Release|Any CPU
		{4C2B0E5A-1A1A-4D3D-9E0F-AAA000000001}.Release|Any CPU.Build.0 = Release|Any CPU
		{4C2B0E5A-1A1A-4D3D-9E0F-AAA000000002}.Debug|Any CPU.ActiveCfg = Debug|Any CPU
		{4C2B0E5A-1A1A-4D3D-9E0F-AAA000000002}.Debug|Any CPU.Build.0 = Debug|Any CPU
		{4C2B0E5A-1A1A-4D3D-9E0F-AAA000000002}.Release|Any CPU.ActiveCfg = Release|Any CPU
		{4C2B0E5A-1A1A-4D3D-9E0F-AAA000000002}.Release|Any CPU.Build.0 = Release|Any CPU
		{4C2B0E5A-1A1A-4D3D-9E0F-AAA000000003}.Debug|Any CPU.ActiveCfg = Debug|Any CPU
		{4C2B0E5A-1A1A-4D3D-9E0F-AAA000000003}.Debug|Any CPU.Build.0 = Debug|Any CPU
		{4C2B0E5A-1A1A-4D3D-9E0F-AAA000000003}.Release|Any CPU.ActiveCfg = Release|Any CPU
		{4C2B0E5A-1A1A-4D3D-9E0F-AAA000000003}.Release|Any CPU.Build.0 = Release|Any CPU
	EndGlobalSection
EndGlobal
